PODS:
  - Alamofire (5.6.4)
  - FSCalendar (2.8.4)

DEPENDENCIES:
  - Alamofire
  - FSCalendar

SPEC REPOS:
  trunk:
    - Alamofire
    - FSCalendar

SPEC CHECKSUMS:
  Alamofire: 4e95d97098eacb88856099c4fc79b526a299e48c
  FSCalendar: 2d1d0d9398f12d439f55c1fe0f01525b151b8260

PODFILE CHECKSUM: e0513ec6b7a00a65fb9737f7c2634c4bc68ffaa3

COCOAPODS: 1.11.3
