// !$*UTF8*$!
{
	archiveVersion = 1;
	classes = {
	};
	objectVersion = 51;
	objects = {

/* Begin PBXBuildFile section */
		0AE721C36AB24476389A4112 /* MontserratMedium.ttf in Resources */ = {isa = PBXBuildFile; fileRef = DACC6815FAF7E49DA2A221BF /* MontserratMedium.ttf */; };
		16D16B2A297DBA9200751ABA /* test3.json in Resources */ = {isa = PBXBuildFile; fileRef = 16D16B29297DBA9200751ABA /* test3.json */; };
		16D16B2C297DBADD00751ABA /* JSONManager.swift in Sources */ = {isa = PBXBuildFile; fileRef = 16D16B2B297DBADD00751ABA /* JSONManager.swift */; };
		16D16B2E297DC1AD00751ABA /* clubRenderTest.swift in Sources */ = {isa = PBXBuildFile; fileRef = 16D16B2D297DC1AD00751ABA /* clubRenderTest.swift */; };
		16D16B36297DFD2600751ABA /* FrameTwelveView.swift in Sources */ = {isa = PBXBuildFile; fileRef = 16D16B35297DFD2600751ABA /* FrameTwelveView.swift */; };
		16D16B38297DFD3200751ABA /* IPhone11ProXTwoView.swift in Sources */ = {isa = PBXBuildFile; fileRef = 16D16B37297DFD3200751ABA /* IPhone11ProXTwoView.swift */; };
		16D16B3A297DFD3500751ABA /* IPhone11ProXOneTwoView.swift in Sources */ = {isa = PBXBuildFile; fileRef = 16D16B39297DFD3500751ABA /* IPhone11ProXOneTwoView.swift */; };
		16D16B3C297DFD6200751ABA /* FrameTwelveViewModel.swift in Sources */ = {isa = PBXBuildFile; fileRef = 16D16B3B297DFD6200751ABA /* FrameTwelveViewModel.swift */; };
		16D16B3E297DFD6600751ABA /* IPhone11ProXTwoViewModel.swift in Sources */ = {isa = PBXBuildFile; fileRef = 16D16B3D297DFD6600751ABA /* IPhone11ProXTwoViewModel.swift */; };
		16D16B40297DFD6800751ABA /* IPhone11ProXOneTwoViewModel.swift in Sources */ = {isa = PBXBuildFile; fileRef = 16D16B3F297DFD6800751ABA /* IPhone11ProXOneTwoViewModel.swift */; };
		16D16B45297DFDA800751ABA /* IPhone11ProXFourViewModel.swift in Sources */ = {isa = PBXBuildFile; fileRef = 16D16B44297DFDA800751ABA /* IPhone11ProXFourViewModel.swift */; };
		16D16B46297DFDA800751ABA /* IPhone11ProXFourView.swift in Sources */ = {isa = PBXBuildFile; fileRef = 16D16B43297DFDA800751ABA /* IPhone11ProXFourView.swift */; };
		16D16B48297DFDAE00751ABA /* Hobby3Cell.swift in Sources */ = {isa = PBXBuildFile; fileRef = 16D16B47297DFDAE00751ABA /* Hobby3Cell.swift */; };
		567C911F528D459B2D538C1A /* MontserratRomanRegular.ttf in Resources */ = {isa = PBXBuildFile; fileRef = 87212F85F94E93B0E6E58FAD /* MontserratRomanRegular.ttf */; };
		7011228A799F228A7E2B2D5B /* MontserratRomanMedium.ttf in Resources */ = {isa = PBXBuildFile; fileRef = 4ED5C962E781ECEF8413B9CA /* MontserratRomanMedium.ttf */; };
		7F44DBA127422A5D00171570 /* ActivityLoader.swift in Sources */ = {isa = PBXBuildFile; fileRef = 7F44DBA027422A5D00171570 /* ActivityLoader.swift */; };
		820D482A58CB13674206AE61 /* ColorConstants.swift in Sources */ = {isa = PBXBuildFile; fileRef = 5CA75511EE982D3F520644C9 /* ColorConstants.swift */; };
		884F3E5127B0E65A00963FC4 /* RoundedCornersView.swift in Sources */ = {isa = PBXBuildFile; fileRef = 884F3E5027B0E65A00963FC4 /* RoundedCornersView.swift */; };
		8853052627718DC500B04E6F /* ViewExtension.swift in Sources */ = {isa = PBXBuildFile; fileRef = 8853052527718DC500B04E6F /* ViewExtension.swift */; };
		8853052A27718E2D00B04E6F /* EncodableExtension.swift in Sources */ = {isa = PBXBuildFile; fileRef = 8853052927718E2D00B04E6F /* EncodableExtension.swift */; };
		8853052C2771949600B04E6F /* UINavigationController.swift in Sources */ = {isa = PBXBuildFile; fileRef = 8853052B2771949600B04E6F /* UINavigationController.swift */; };
		88680D1C2775C601002E964F /* ViewportHelper.swift in Sources */ = {isa = PBXBuildFile; fileRef = 88680D1B2775C601002E964F /* ViewportHelper.swift */; };
		888CB47527686A000041116C /* APIExtensions.swift in Sources */ = {isa = PBXBuildFile; fileRef = 888CB47427686A000041116C /* APIExtensions.swift */; };
		88ED74EC272FFE6F0088E3EF /* Assets.xcassets in Resources */ = {isa = PBXBuildFile; fileRef = 88ED74EB272FFE6F0088E3EF /* Assets.xcassets */; };
		88ED74EF272FFE6F0088E3EF /* Preview Assets.xcassets in Resources */ = {isa = PBXBuildFile; fileRef = 88ED74EE272FFE6F0088E3EF /* Preview Assets.xcassets */; };
		88ED7500272FFECA0088E3EF /* Utilities.swift in Sources */ = {isa = PBXBuildFile; fileRef = 88ED74F7272FFECA0088E3EF /* Utilities.swift */; };
		88ED7501272FFECA0088E3EF /* AppConstants.swift in Sources */ = {isa = PBXBuildFile; fileRef = 88ED74F9272FFECA0088E3EF /* AppConstants.swift */; };
		88ED7503272FFECA0088E3EF /* APIManager.swift in Sources */ = {isa = PBXBuildFile; fileRef = 88ED74FD272FFECA0088E3EF /* APIManager.swift */; };
		88ED7504272FFECA0088E3EF /* Shwetasapplication9App.swift in Sources */ = {isa = PBXBuildFile; fileRef = 88ED74FF272FFECA0088E3EF /* Shwetasapplication9App.swift */; };
		96A161ED04C89457B99D6809 /* MontserratRegular.ttf in Resources */ = {isa = PBXBuildFile; fileRef = 569358363E158F8CC7E18897 /* MontserratRegular.ttf */; };
		9D6A332FE133440DEB1E1C42 /* TabsView.swift in Sources */ = {isa = PBXBuildFile; fileRef = E35A399540112EDC86174E84 /* TabsView.swift */; };
		A846CA5C06F8A7502C3CEACB /* CalendarModuleView.swift in Sources */ = {isa = PBXBuildFile; fileRef = 7FC549CAA2B78F0E3AD1BBB3 /* CalendarModuleView.swift */; };
		C40AB9F82754D79E006BC5D7 /* AppDelegate.swift in Sources */ = {isa = PBXBuildFile; fileRef = C40AB9F72754D79E006BC5D7 /* AppDelegate.swift */; };
		C76C0F6F2010759B1325F3CD /* Pods_Shwetasapplication9.framework in Frameworks */ = {isa = PBXBuildFile; fileRef = 01BF2B6E92F7A92BECD5B36C /* Pods_Shwetasapplication9.framework */; };
		CAEB3E6F55C76711F4A63035 /* PagerView.swift in Sources */ = {isa = PBXBuildFile; fileRef = C8F8668DCB623E04A24B3581 /* PagerView.swift */; };
		CF68393212D4EC3669EB4BC4 /* MontserratSemiBold.ttf in Resources */ = {isa = PBXBuildFile; fileRef = 82829FD864C63A39A5D125E6 /* MontserratSemiBold.ttf */; };
		D118CAD101C6ED909D65FD0F /* StringScheme.swift in Sources */ = {isa = PBXBuildFile; fileRef = 662349F4F5F0DC35397DE226 /* StringScheme.swift */; };
		D5CA6AA05564609C146570C1 /* IPhone11ProXSixOneContainerViewModel.swift in Sources */ = {isa = PBXBuildFile; fileRef = 7BB764F02A4FE842D27B0246 /* IPhone11ProXSixOneContainerViewModel.swift */; };
		D9FD5D6153FAFD9E9AB7C916 /* MontserratAlternatesBlack.ttf in Resources */ = {isa = PBXBuildFile; fileRef = 2F05AD6387A37D82B8BEA1CC /* MontserratAlternatesBlack.ttf */; };
		DC000BA08D1D72DD6602CCD0 /* FontScheme.swift in Sources */ = {isa = PBXBuildFile; fileRef = 3FFE990AE38A1E9E0B935515 /* FontScheme.swift */; };
		E71C44908DC2BEF4244A2046 /* MontserratRomanBold.ttf in Resources */ = {isa = PBXBuildFile; fileRef = E429516325CF9BEFBDE21D9A /* MontserratRomanBold.ttf */; };
		EDB50421B77E7516DB84F137 /* IPhone11ProXSixOneContainerView.swift in Sources */ = {isa = PBXBuildFile; fileRef = 6D3AA3C3C02ABB018C542B4D /* IPhone11ProXSixOneContainerView.swift */; };
		F03E9D4B9592697CE706043D /* MontserratBold.ttf in Resources */ = {isa = PBXBuildFile; fileRef = A6D11BE4808886A473E91E48 /* MontserratBold.ttf */; };
/* End PBXBuildFile section */

/* Begin PBXFileReference section */
		01BF2B6E92F7A92BECD5B36C /* Pods_Shwetasapplication9.framework */ = {isa = PBXFileReference; explicitFileType = wrapper.framework; includeInIndex = 0; path = Pods_Shwetasapplication9.framework; sourceTree = BUILT_PRODUCTS_DIR; };
		16D16B29297DBA9200751ABA /* test3.json */ = {isa = PBXFileReference; fileEncoding = 4; lastKnownFileType = text.json; name = test3.json; path = ../../../../../Downloads/test3.json; sourceTree = "<group>"; };
		16D16B2B297DBADD00751ABA /* JSONManager.swift */ = {isa = PBXFileReference; lastKnownFileType = sourcecode.swift; path = JSONManager.swift; sourceTree = "<group>"; };
		16D16B2D297DC1AD00751ABA /* clubRenderTest.swift */ = {isa = PBXFileReference; lastKnownFileType = sourcecode.swift; path = clubRenderTest.swift; sourceTree = "<group>"; };
		16D16B35297DFD2600751ABA /* FrameTwelveView.swift */ = {isa = PBXFileReference; lastKnownFileType = sourcecode.swift; path = FrameTwelveView.swift; sourceTree = "<group>"; };
		16D16B37297DFD3200751ABA /* IPhone11ProXTwoView.swift */ = {isa = PBXFileReference; lastKnownFileType = sourcecode.swift; path = IPhone11ProXTwoView.swift; sourceTree = "<group>"; };
		16D16B39297DFD3500751ABA /* IPhone11ProXOneTwoView.swift */ = {isa = PBXFileReference; lastKnownFileType = sourcecode.swift; path = IPhone11ProXOneTwoView.swift; sourceTree = "<group>"; };
		16D16B3B297DFD6200751ABA /* FrameTwelveViewModel.swift */ = {isa = PBXFileReference; lastKnownFileType = sourcecode.swift; path = FrameTwelveViewModel.swift; sourceTree = "<group>"; };
		16D16B3D297DFD6600751ABA /* IPhone11ProXTwoViewModel.swift */ = {isa = PBXFileReference; lastKnownFileType = sourcecode.swift; path = IPhone11ProXTwoViewModel.swift; sourceTree = "<group>"; };
		16D16B3F297DFD6800751ABA /* IPhone11ProXOneTwoViewModel.swift */ = {isa = PBXFileReference; lastKnownFileType = sourcecode.swift; path = IPhone11ProXOneTwoViewModel.swift; sourceTree = "<group>"; };
		16D16B43297DFDA800751ABA /* IPhone11ProXFourView.swift */ = {isa = PBXFileReference; lastKnownFileType = sourcecode.swift; path = IPhone11ProXFourView.swift; sourceTree = "<group>"; };
		16D16B44297DFDA800751ABA /* IPhone11ProXFourViewModel.swift */ = {isa = PBXFileReference; lastKnownFileType = sourcecode.swift; path = IPhone11ProXFourViewModel.swift; sourceTree = "<group>"; };
		16D16B47297DFDAE00751ABA /* Hobby3Cell.swift */ = {isa = PBXFileReference; lastKnownFileType = sourcecode.swift; path = Hobby3Cell.swift; sourceTree = "<group>"; };
		2382BAD887CF6220267591FF /* Pods-Shwetasapplication9.debug.xcconfig */ = {isa = PBXFileReference; includeInIndex = 1; lastKnownFileType = text.xcconfig; name = "Pods-Shwetasapplication9.debug.xcconfig"; path = "Target Support Files/Pods-Shwetasapplication9/Pods-Shwetasapplication9.debug.xcconfig"; sourceTree = "<group>"; };
		2F05AD6387A37D82B8BEA1CC /* MontserratAlternatesBlack.ttf */ = {isa = PBXFileReference; includeInIndex = 1; lastKnownFileType = file; path = MontserratAlternatesBlack.ttf; sourceTree = "<group>"; };
		3FFE990AE38A1E9E0B935515 /* FontScheme.swift */ = {isa = PBXFileReference; includeInIndex = 1; lastKnownFileType = sourcecode.swift; path = FontScheme.swift; sourceTree = "<group>"; };
		4ED5C962E781ECEF8413B9CA /* MontserratRomanMedium.ttf */ = {isa = PBXFileReference; includeInIndex = 1; lastKnownFileType = file; path = MontserratRomanMedium.ttf; sourceTree = "<group>"; };
		569358363E158F8CC7E18897 /* MontserratRegular.ttf */ = {isa = PBXFileReference; includeInIndex = 1; lastKnownFileType = file; path = MontserratRegular.ttf; sourceTree = "<group>"; };
		5CA75511EE982D3F520644C9 /* ColorConstants.swift */ = {isa = PBXFileReference; includeInIndex = 1; lastKnownFileType = sourcecode.swift; path = ColorConstants.swift; sourceTree = "<group>"; };
		662349F4F5F0DC35397DE226 /* StringScheme.swift */ = {isa = PBXFileReference; includeInIndex = 1; lastKnownFileType = sourcecode.swift; path = StringScheme.swift; sourceTree = "<group>"; };
		6D3AA3C3C02ABB018C542B4D /* IPhone11ProXSixOneContainerView.swift */ = {isa = PBXFileReference; includeInIndex = 1; lastKnownFileType = sourcecode.swift; path = IPhone11ProXSixOneContainerView.swift; sourceTree = "<group>"; };
		7BB764F02A4FE842D27B0246 /* IPhone11ProXSixOneContainerViewModel.swift */ = {isa = PBXFileReference; includeInIndex = 1; lastKnownFileType = sourcecode.swift; path = IPhone11ProXSixOneContainerViewModel.swift; sourceTree = "<group>"; };
		7F44DBA027422A5D00171570 /* ActivityLoader.swift */ = {isa = PBXFileReference; lastKnownFileType = sourcecode.swift; path = ActivityLoader.swift; sourceTree = "<group>"; };
		7FC549CAA2B78F0E3AD1BBB3 /* CalendarModuleView.swift */ = {isa = PBXFileReference; includeInIndex = 1; lastKnownFileType = sourcecode.swift; path = CalendarModuleView.swift; sourceTree = "<group>"; };
		82829FD864C63A39A5D125E6 /* MontserratSemiBold.ttf */ = {isa = PBXFileReference; includeInIndex = 1; lastKnownFileType = file; path = MontserratSemiBold.ttf; sourceTree = "<group>"; };
		87212F85F94E93B0E6E58FAD /* MontserratRomanRegular.ttf */ = {isa = PBXFileReference; includeInIndex = 1; lastKnownFileType = file; path = MontserratRomanRegular.ttf; sourceTree = "<group>"; };
		884F3E5027B0E65A00963FC4 /* RoundedCornersView.swift */ = {isa = PBXFileReference; lastKnownFileType = sourcecode.swift; path = RoundedCornersView.swift; sourceTree = "<group>"; };
		8853052527718DC500B04E6F /* ViewExtension.swift */ = {isa = PBXFileReference; lastKnownFileType = sourcecode.swift; path = ViewExtension.swift; sourceTree = "<group>"; };
		8853052927718E2D00B04E6F /* EncodableExtension.swift */ = {isa = PBXFileReference; lastKnownFileType = sourcecode.swift; path = EncodableExtension.swift; sourceTree = "<group>"; };
		8853052B2771949600B04E6F /* UINavigationController.swift */ = {isa = PBXFileReference; fileEncoding = 4; lastKnownFileType = sourcecode.swift; path = UINavigationController.swift; sourceTree = "<group>"; };
		88680D1B2775C601002E964F /* ViewportHelper.swift */ = {isa = PBXFileReference; lastKnownFileType = sourcecode.swift; path = ViewportHelper.swift; sourceTree = "<group>"; };
		888CB47427686A000041116C /* APIExtensions.swift */ = {isa = PBXFileReference; lastKnownFileType = sourcecode.swift; path = APIExtensions.swift; sourceTree = "<group>"; };
		88ED74E4272FFE6E0088E3EF /* Shwetasapplication9.app */ = {isa = PBXFileReference; explicitFileType = wrapper.application; includeInIndex = 0; path = Shwetasapplication9.app; sourceTree = BUILT_PRODUCTS_DIR; };
		88ED74EB272FFE6F0088E3EF /* Assets.xcassets */ = {isa = PBXFileReference; lastKnownFileType = folder.assetcatalog; path = Assets.xcassets; sourceTree = "<group>"; };
		88ED74EE272FFE6F0088E3EF /* Preview Assets.xcassets */ = {isa = PBXFileReference; lastKnownFileType = folder.assetcatalog; path = "Preview Assets.xcassets"; sourceTree = "<group>"; };
		88ED74F0272FFE6F0088E3EF /* Info.plist */ = {isa = PBXFileReference; lastKnownFileType = text.plist.xml; path = Info.plist; sourceTree = "<group>"; };
		88ED74F7272FFECA0088E3EF /* Utilities.swift */ = {isa = PBXFileReference; fileEncoding = 4; lastKnownFileType = sourcecode.swift; path = Utilities.swift; sourceTree = "<group>"; };
		88ED74F9272FFECA0088E3EF /* AppConstants.swift */ = {isa = PBXFileReference; fileEncoding = 4; lastKnownFileType = sourcecode.swift; path = AppConstants.swift; sourceTree = "<group>"; };
		88ED74FD272FFECA0088E3EF /* APIManager.swift */ = {isa = PBXFileReference; fileEncoding = 4; lastKnownFileType = sourcecode.swift; path = APIManager.swift; sourceTree = "<group>"; };
		88ED74FF272FFECA0088E3EF /* Shwetasapplication9App.swift */ = {isa = PBXFileReference; fileEncoding = 4; lastKnownFileType = sourcecode.swift; path = Shwetasapplication9App.swift; sourceTree = "<group>"; };
		9FC27237101A96C6DCD67636 /* Pods-Shwetasapplication9.release.xcconfig */ = {isa = PBXFileReference; includeInIndex = 1; lastKnownFileType = text.xcconfig; name = "Pods-Shwetasapplication9.release.xcconfig"; path = "Target Support Files/Pods-Shwetasapplication9/Pods-Shwetasapplication9.release.xcconfig"; sourceTree = "<group>"; };
		A6D11BE4808886A473E91E48 /* MontserratBold.ttf */ = {isa = PBXFileReference; includeInIndex = 1; lastKnownFileType = file; path = MontserratBold.ttf; sourceTree = "<group>"; };
		C40AB9F72754D79E006BC5D7 /* AppDelegate.swift */ = {isa = PBXFileReference; fileEncoding = 4; lastKnownFileType = sourcecode.swift; path = AppDelegate.swift; sourceTree = "<group>"; };
		C8F8668DCB623E04A24B3581 /* PagerView.swift */ = {isa = PBXFileReference; includeInIndex = 1; lastKnownFileType = sourcecode.swift; path = PagerView.swift; sourceTree = "<group>"; };
		DACC6815FAF7E49DA2A221BF /* MontserratMedium.ttf */ = {isa = PBXFileReference; includeInIndex = 1; lastKnownFileType = file; path = MontserratMedium.ttf; sourceTree = "<group>"; };
		E35A399540112EDC86174E84 /* TabsView.swift */ = {isa = PBXFileReference; includeInIndex = 1; lastKnownFileType = sourcecode.swift; path = TabsView.swift; sourceTree = "<group>"; };
		E429516325CF9BEFBDE21D9A /* MontserratRomanBold.ttf */ = {isa = PBXFileReference; includeInIndex = 1; lastKnownFileType = file; path = MontserratRomanBold.ttf; sourceTree = "<group>"; };
/* End PBXFileReference section */

/* Begin PBXFrameworksBuildPhase section */
		88ED74E1272FFE6E0088E3EF /* Frameworks */ = {
			isa = PBXFrameworksBuildPhase;
			buildActionMask = 2147483647;
			files = (
				C76C0F6F2010759B1325F3CD /* Pods_Shwetasapplication9.framework in Frameworks */,
			);
			runOnlyForDeploymentPostprocessing = 0;
		};
/* End PBXFrameworksBuildPhase section */

/* Begin PBXGroup section */
		00D7B25FCC0BB1C35F4BAAC6 /* Views */ = {
			isa = PBXGroup;
			children = (
				16D16B35297DFD2600751ABA /* FrameTwelveView.swift */,
				16D16B43297DFDA800751ABA /* IPhone11ProXFourView.swift */,
				16D16B44297DFDA800751ABA /* IPhone11ProXFourViewModel.swift */,
				16D16B47297DFDAE00751ABA /* Hobby3Cell.swift */,
				16D16B37297DFD3200751ABA /* IPhone11ProXTwoView.swift */,
				16D16B39297DFD3500751ABA /* IPhone11ProXOneTwoView.swift */,
				16D16B3B297DFD6200751ABA /* FrameTwelveViewModel.swift */,
				16D16B3D297DFD6600751ABA /* IPhone11ProXTwoViewModel.swift */,
				16D16B3F297DFD6800751ABA /* IPhone11ProXOneTwoViewModel.swift */,
				C205FF020E04CE020AA80D7B /* IPhone11ProXSixOneContainerView */,
				16D16B2D297DC1AD00751ABA /* clubRenderTest.swift */,
			);
			path = Views;
			sourceTree = "<group>";
		};
		22D6FC097CECAD7342602BD0 /* TabAndPager */ = {
			isa = PBXGroup;
			children = (
				E35A399540112EDC86174E84 /* TabsView.swift */,
				C8F8668DCB623E04A24B3581 /* PagerView.swift */,
			);
			path = TabAndPager;
			sourceTree = "<group>";
		};
		4D6529707738B6A60A2A78A9 /* CustomViews */ = {
			isa = PBXGroup;
			children = (
				22D6FC097CECAD7342602BD0 /* TabAndPager */,
				7606C4384AEF0F12B4955426 /* CalendarModuleView */,
			);
			path = CustomViews;
			sourceTree = "<group>";
		};
		7606C4384AEF0F12B4955426 /* CalendarModuleView */ = {
			isa = PBXGroup;
			children = (
				7FC549CAA2B78F0E3AD1BBB3 /* CalendarModuleView.swift */,
			);
			path = CalendarModuleView;
			sourceTree = "<group>";
		};
		7F44DB9E27422A4200171570 /* Helper */ = {
			isa = PBXGroup;
			children = (
				88680D1A2775C5BD002E964F /* Viewport */,
				7F44DB9F27422A4200171570 /* ActivityLoader */,
			);
			path = Helper;
			sourceTree = "<group>";
		};
		7F44DB9F27422A4200171570 /* ActivityLoader */ = {
			isa = PBXGroup;
			children = (
				7F44DBA027422A5D00171570 /* ActivityLoader.swift */,
			);
			path = ActivityLoader;
			sourceTree = "<group>";
		};
		88680D1A2775C5BD002E964F /* Viewport */ = {
			isa = PBXGroup;
			children = (
				88680D1B2775C601002E964F /* ViewportHelper.swift */,
			);
			path = Viewport;
			sourceTree = "<group>";
		};
		88ED74DB272FFE6E0088E3EF = {
			isa = PBXGroup;
			children = (
				88ED74E6272FFE6E0088E3EF /* Shwetasapplication9 */,
				88ED74E5272FFE6E0088E3EF /* Products */,
				DB76D562EB9A33F58C771FEC /* Pods */,
				C0DB6676EEDB6F4E4F166D2C /* Frameworks */,
			);
			sourceTree = "<group>";
		};
		88ED74E5272FFE6E0088E3EF /* Products */ = {
			isa = PBXGroup;
			children = (
				88ED74E4272FFE6E0088E3EF /* Shwetasapplication9.app */,
			);
			name = Products;
			sourceTree = "<group>";
		};
		88ED74E6272FFE6E0088E3EF /* Shwetasapplication9 */ = {
			isa = PBXGroup;
			children = (
				88ED74FC272FFECA0088E3EF /* Services */,
				88ED74FE272FFECA0088E3EF /* Application */,
				88ED74F8272FFECA0088E3EF /* Constants */,
				88ED74FA272FFECA0088E3EF /* Extensions */,
				88ED74F6272FFECA0088E3EF /* Utilities */,
				7F44DB9E27422A4200171570 /* Helper */,
				88ED74EB272FFE6F0088E3EF /* Assets.xcassets */,
				88ED74F0272FFE6F0088E3EF /* Info.plist */,
				88ED74ED272FFE6F0088E3EF /* Preview Content */,
				C7BE51F806E227DE94E038F6 /* Resources */,
				00D7B25FCC0BB1C35F4BAAC6 /* Views */,
				4D6529707738B6A60A2A78A9 /* CustomViews */,
			);
			path = Shwetasapplication9;
			sourceTree = "<group>";
		};
		88ED74ED272FFE6F0088E3EF /* Preview Content */ = {
			isa = PBXGroup;
			children = (
				88ED74EE272FFE6F0088E3EF /* Preview Assets.xcassets */,
			);
			path = "Preview Content";
			sourceTree = "<group>";
		};
		88ED74F6272FFECA0088E3EF /* Utilities */ = {
			isa = PBXGroup;
			children = (
				16D16B29297DBA9200751ABA /* test3.json */,
				88ED74F7272FFECA0088E3EF /* Utilities.swift */,
				16D16B2B297DBADD00751ABA /* JSONManager.swift */,
			);
			path = Utilities;
			sourceTree = "<group>";
		};
		88ED74F8272FFECA0088E3EF /* Constants */ = {
			isa = PBXGroup;
			children = (
				88ED74F9272FFECA0088E3EF /* AppConstants.swift */,
				662349F4F5F0DC35397DE226 /* StringScheme.swift */,
				5CA75511EE982D3F520644C9 /* ColorConstants.swift */,
				3FFE990AE38A1E9E0B935515 /* FontScheme.swift */,
			);
			path = Constants;
			sourceTree = "<group>";
		};
		88ED74FA272FFECA0088E3EF /* Extensions */ = {
			isa = PBXGroup;
			children = (
				888CB47427686A000041116C /* APIExtensions.swift */,
				8853052527718DC500B04E6F /* ViewExtension.swift */,
				8853052B2771949600B04E6F /* UINavigationController.swift */,
				8853052927718E2D00B04E6F /* EncodableExtension.swift */,
				884F3E5027B0E65A00963FC4 /* RoundedCornersView.swift */,
			);
			path = Extensions;
			sourceTree = "<group>";
		};
		88ED74FC272FFECA0088E3EF /* Services */ = {
			isa = PBXGroup;
			children = (
				88ED74FD272FFECA0088E3EF /* APIManager.swift */,
			);
			path = Services;
			sourceTree = "<group>";
		};
		88ED74FE272FFECA0088E3EF /* Application */ = {
			isa = PBXGroup;
			children = (
				C40AB9F72754D79E006BC5D7 /* AppDelegate.swift */,
				88ED74FF272FFECA0088E3EF /* Shwetasapplication9App.swift */,
			);
			path = Application;
			sourceTree = "<group>";
		};
		C0DB6676EEDB6F4E4F166D2C /* Frameworks */ = {
			isa = PBXGroup;
			children = (
				01BF2B6E92F7A92BECD5B36C /* Pods_Shwetasapplication9.framework */,
			);
			name = Frameworks;
			sourceTree = "<group>";
		};
		C205FF020E04CE020AA80D7B /* IPhone11ProXSixOneContainerView */ = {
			isa = PBXGroup;
			children = (
				6D3AA3C3C02ABB018C542B4D /* IPhone11ProXSixOneContainerView.swift */,
				7BB764F02A4FE842D27B0246 /* IPhone11ProXSixOneContainerViewModel.swift */,
			);
			path = IPhone11ProXSixOneContainerView;
			sourceTree = "<group>";
		};
		C7BE51F806E227DE94E038F6 /* Resources */ = {
			isa = PBXGroup;
			children = (
				DC9D8ECD134D3319DD44E3B7 /* Fonts */,
			);
			path = Resources;
			sourceTree = "<group>";
		};
		DB76D562EB9A33F58C771FEC /* Pods */ = {
			isa = PBXGroup;
			children = (
				2382BAD887CF6220267591FF /* Pods-Shwetasapplication9.debug.xcconfig */,
				9FC27237101A96C6DCD67636 /* Pods-Shwetasapplication9.release.xcconfig */,
			);
			path = Pods;
			sourceTree = "<group>";
		};
		DC9D8ECD134D3319DD44E3B7 /* Fonts */ = {
			isa = PBXGroup;
			children = (
				2F05AD6387A37D82B8BEA1CC /* MontserratAlternatesBlack.ttf */,
				82829FD864C63A39A5D125E6 /* MontserratSemiBold.ttf */,
				E429516325CF9BEFBDE21D9A /* MontserratRomanBold.ttf */,
				A6D11BE4808886A473E91E48 /* MontserratBold.ttf */,
				4ED5C962E781ECEF8413B9CA /* MontserratRomanMedium.ttf */,
				87212F85F94E93B0E6E58FAD /* MontserratRomanRegular.ttf */,
				DACC6815FAF7E49DA2A221BF /* MontserratMedium.ttf */,
				569358363E158F8CC7E18897 /* MontserratRegular.ttf */,
			);
			path = Fonts;
			sourceTree = "<group>";
		};
/* End PBXGroup section */

/* Begin PBXNativeTarget section */
		88ED74E3272FFE6E0088E3EF /* Shwetasapplication9 */ = {
			isa = PBXNativeTarget;
			buildConfigurationList = 88ED74F3272FFE6F0088E3EF /* Build configuration list for PBXNativeTarget "Shwetasapplication9" */;
			buildPhases = (
				BFE4824633CBEFF572230FC1 /* [CP] Check Pods Manifest.lock */,
				88ED74E0272FFE6E0088E3EF /* Sources */,
				88ED74E1272FFE6E0088E3EF /* Frameworks */,
				88ED74E2272FFE6E0088E3EF /* Resources */,
				F5DE32950316A4CFEB1AD084 /* [CP] Embed Pods Frameworks */,
			);
			buildRules = (
			);
			dependencies = (
			);
			name = Shwetasapplication9;
			productName = Shwetasapplication9;
			productReference = 88ED74E4272FFE6E0088E3EF /* Shwetasapplication9.app */;
			productType = "com.apple.product-type.application";
		};
/* End PBXNativeTarget section */

/* Begin PBXProject section */
		88ED74DC272FFE6E0088E3EF /* Project object */ = {
			isa = PBXProject;
			attributes = {
				LastSwiftUpdateCheck = 1250;
				LastUpgradeCheck = 1250;
				TargetAttributes = {
					88ED74E3272FFE6E0088E3EF = {
						CreatedOnToolsVersion = 12.5;
					};
				};
			};
			buildConfigurationList = 88ED74DF272FFE6E0088E3EF /* Build configuration list for PBXProject "Shwetasapplication9" */;
			compatibilityVersion = "Xcode 9.3";
			developmentRegion = en;
			hasScannedForEncodings = 0;
			knownRegions = (
				en,
				Base,
			);
			mainGroup = 88ED74DB272FFE6E0088E3EF;
			productRefGroup = 88ED74E5272FFE6E0088E3EF /* Products */;
			projectDirPath = "";
			projectRoot = "";
			targets = (
				88ED74E3272FFE6E0088E3EF /* Shwetasapplication9 */,
			);
		};
/* End PBXProject section */

/* Begin PBXResourcesBuildPhase section */
		88ED74E2272FFE6E0088E3EF /* Resources */ = {
			isa = PBXResourcesBuildPhase;
			buildActionMask = 2147483647;
			files = (
				88ED74EF272FFE6F0088E3EF /* Preview Assets.xcassets in Resources */,
				88ED74EC272FFE6F0088E3EF /* Assets.xcassets in Resources */,
				D9FD5D6153FAFD9E9AB7C916 /* MontserratAlternatesBlack.ttf in Resources */,
				CF68393212D4EC3669EB4BC4 /* MontserratSemiBold.ttf in Resources */,
				E71C44908DC2BEF4244A2046 /* MontserratRomanBold.ttf in Resources */,
				16D16B2A297DBA9200751ABA /* test3.json in Resources */,
				F03E9D4B9592697CE706043D /* MontserratBold.ttf in Resources */,
				7011228A799F228A7E2B2D5B /* MontserratRomanMedium.ttf in Resources */,
				567C911F528D459B2D538C1A /* MontserratRomanRegular.ttf in Resources */,
				0AE721C36AB24476389A4112 /* MontserratMedium.ttf in Resources */,
				96A161ED04C89457B99D6809 /* MontserratRegular.ttf in Resources */,
			);
			runOnlyForDeploymentPostprocessing = 0;
		};
/* End PBXResourcesBuildPhase section */

/* Begin PBXShellScriptBuildPhase section */
		BFE4824633CBEFF572230FC1 /* [CP] Check Pods Manifest.lock */ = {
			isa = PBXShellScriptBuildPhase;
			buildActionMask = 2147483647;
			files = (
			);
			inputFileListPaths = (
			);
			inputPaths = (
				"${PODS_PODFILE_DIR_PATH}/Podfile.lock",
				"${PODS_ROOT}/Manifest.lock",
			);
			name = "[CP] Check Pods Manifest.lock";
			outputFileListPaths = (
			);
			outputPaths = (
				"$(DERIVED_FILE_DIR)/Pods-Shwetasapplication9-checkManifestLockResult.txt",
			);
			runOnlyForDeploymentPostprocessing = 0;
			shellPath = /bin/sh;
			shellScript = "diff \"${PODS_PODFILE_DIR_PATH}/Podfile.lock\" \"${PODS_ROOT}/Manifest.lock\" > /dev/null\nif [ $? != 0 ] ; then\n    # print error to STDERR\n    echo \"error: The sandbox is not in sync with the Podfile.lock. Run 'pod install' or update your CocoaPods installation.\" >&2\n    exit 1\nfi\n# This output is used by Xcode 'outputs' to avoid re-running this script phase.\necho \"SUCCESS\" > \"${SCRIPT_OUTPUT_FILE_0}\"\n";
			showEnvVarsInLog = 0;
		};
		F5DE32950316A4CFEB1AD084 /* [CP] Embed Pods Frameworks */ = {
			isa = PBXShellScriptBuildPhase;
			buildActionMask = 2147483647;
			files = (
			);
			inputFileListPaths = (
				"${PODS_ROOT}/Target Support Files/Pods-Shwetasapplication9/Pods-Shwetasapplication9-frameworks-${CONFIGURATION}-input-files.xcfilelist",
			);
			name = "[CP] Embed Pods Frameworks";
			outputFileListPaths = (
				"${PODS_ROOT}/Target Support Files/Pods-Shwetasapplication9/Pods-Shwetasapplication9-frameworks-${CONFIGURATION}-output-files.xcfilelist",
			);
			runOnlyForDeploymentPostprocessing = 0;
			shellPath = /bin/sh;
			shellScript = "\"${PODS_ROOT}/Target Support Files/Pods-Shwetasapplication9/Pods-Shwetasapplication9-frameworks.sh\"\n";
			showEnvVarsInLog = 0;
		};
/* End PBXShellScriptBuildPhase section */

/* Begin PBXSourcesBuildPhase section */
		88ED74E0272FFE6E0088E3EF /* Sources */ = {
			isa = PBXSourcesBuildPhase;
			buildActionMask = 2147483647;
			files = (
				16D16B3E297DFD6600751ABA /* IPhone11ProXTwoViewModel.swift in Sources */,
				888CB47527686A000041116C /* APIExtensions.swift in Sources */,
				16D16B45297DFDA800751ABA /* IPhone11ProXFourViewModel.swift in Sources */,
				8853052A27718E2D00B04E6F /* EncodableExtension.swift in Sources */,
				8853052C2771949600B04E6F /* UINavigationController.swift in Sources */,
				88ED7503272FFECA0088E3EF /* APIManager.swift in Sources */,
				7F44DBA127422A5D00171570 /* ActivityLoader.swift in Sources */,
				16D16B40297DFD6800751ABA /* IPhone11ProXOneTwoViewModel.swift in Sources */,
				8853052627718DC500B04E6F /* ViewExtension.swift in Sources */,
				88ED7500272FFECA0088E3EF /* Utilities.swift in Sources */,
				16D16B38297DFD3200751ABA /* IPhone11ProXTwoView.swift in Sources */,
				88ED7504272FFECA0088E3EF /* Shwetasapplication9App.swift in Sources */,
				C40AB9F82754D79E006BC5D7 /* AppDelegate.swift in Sources */,
				88680D1C2775C601002E964F /* ViewportHelper.swift in Sources */,
				16D16B36297DFD2600751ABA /* FrameTwelveView.swift in Sources */,
				88ED7501272FFECA0088E3EF /* AppConstants.swift in Sources */,
				884F3E5127B0E65A00963FC4 /* RoundedCornersView.swift in Sources */,
				D118CAD101C6ED909D65FD0F /* StringScheme.swift in Sources */,
				16D16B3C297DFD6200751ABA /* FrameTwelveViewModel.swift in Sources */,
				820D482A58CB13674206AE61 /* ColorConstants.swift in Sources */,
				16D16B3A297DFD3500751ABA /* IPhone11ProXOneTwoView.swift in Sources */,
				DC000BA08D1D72DD6602CCD0 /* FontScheme.swift in Sources */,
				16D16B2C297DBADD00751ABA /* JSONManager.swift in Sources */,
				16D16B2E297DC1AD00751ABA /* clubRenderTest.swift in Sources */,
				16D16B46297DFDA800751ABA /* IPhone11ProXFourView.swift in Sources */,
				16D16B48297DFDAE00751ABA /* Hobby3Cell.swift in Sources */,
				EDB50421B77E7516DB84F137 /* IPhone11ProXSixOneContainerView.swift in Sources */,
				9D6A332FE133440DEB1E1C42 /* TabsView.swift in Sources */,
				CAEB3E6F55C76711F4A63035 /* PagerView.swift in Sources */,
				A846CA5C06F8A7502C3CEACB /* CalendarModuleView.swift in Sources */,
				D5CA6AA05564609C146570C1 /* IPhone11ProXSixOneContainerViewModel.swift in Sources */,
			);
			runOnlyForDeploymentPostprocessing = 0;
		};
/* End PBXSourcesBuildPhase section */

/* Begin XCBuildConfiguration section */
		88ED74F1272FFE6F0088E3EF /* Debug */ = {
			isa = XCBuildConfiguration;
			buildSettings = {
				ALWAYS_SEARCH_USER_PATHS = NO;
				CLANG_ANALYZER_NONNULL = YES;
				CLANG_ANALYZER_NUMBER_OBJECT_CONVERSION = YES_AGGRESSIVE;
				CLANG_CXX_LANGUAGE_STANDARD = "gnu++14";
				CLANG_CXX_LIBRARY = "libc++";
				CLANG_ENABLE_MODULES = YES;
				CLANG_ENABLE_OBJC_ARC = YES;
				CLANG_ENABLE_OBJC_WEAK = YES;
				CLANG_WARN_BLOCK_CAPTURE_AUTORELEASING = YES;
				CLANG_WARN_BOOL_CONVERSION = YES;
				CLANG_WARN_COMMA = YES;
				CLANG_WARN_CONSTANT_CONVERSION = YES;
				CLANG_WARN_DEPRECATED_OBJC_IMPLEMENTATIONS = YES;
				CLANG_WARN_DIRECT_OBJC_ISA_USAGE = YES_ERROR;
				CLANG_WARN_DOCUMENTATION_COMMENTS = YES;
				CLANG_WARN_EMPTY_BODY = YES;
				CLANG_WARN_ENUM_CONVERSION = YES;
				CLANG_WARN_INFINITE_RECURSION = YES;
				CLANG_WARN_INT_CONVERSION = YES;
				CLANG_WARN_NON_LITERAL_NULL_CONVERSION = YES;
				CLANG_WARN_OBJC_IMPLICIT_RETAIN_SELF = YES;
				CLANG_WARN_OBJC_LITERAL_CONVERSION = YES;
				CLANG_WARN_OBJC_ROOT_CLASS = YES_ERROR;
				CLANG_WARN_QUOTED_INCLUDE_IN_FRAMEWORK_HEADER = YES;
				CLANG_WARN_RANGE_LOOP_ANALYSIS = YES;
				CLANG_WARN_STRICT_PROTOTYPES = YES;
				CLANG_WARN_SUSPICIOUS_MOVE = YES;
				CLANG_WARN_UNGUARDED_AVAILABILITY = YES_AGGRESSIVE;
				CLANG_WARN_UNREACHABLE_CODE = YES;
				CLANG_WARN__DUPLICATE_METHOD_MATCH = YES;
				COPY_PHASE_STRIP = NO;
				DEBUG_INFORMATION_FORMAT = dwarf;
				ENABLE_STRICT_OBJC_MSGSEND = YES;
				ENABLE_TESTABILITY = YES;
				GCC_C_LANGUAGE_STANDARD = gnu11;
				GCC_DYNAMIC_NO_PIC = NO;
				GCC_NO_COMMON_BLOCKS = YES;
				GCC_OPTIMIZATION_LEVEL = 0;
				GCC_PREPROCESSOR_DEFINITIONS = (
					"DEBUG=1",
					"$(inherited)",
				);
				GCC_WARN_64_TO_32_BIT_CONVERSION = YES;
				GCC_WARN_ABOUT_RETURN_TYPE = YES_ERROR;
				GCC_WARN_UNDECLARED_SELECTOR = YES;
				GCC_WARN_UNINITIALIZED_AUTOS = YES_AGGRESSIVE;
				GCC_WARN_UNUSED_FUNCTION = YES;
				GCC_WARN_UNUSED_VARIABLE = YES;
				IPHONEOS_DEPLOYMENT_TARGET = 14.5;
				MTL_ENABLE_DEBUG_INFO = INCLUDE_SOURCE;
				MTL_FAST_MATH = YES;
				ONLY_ACTIVE_ARCH = YES;
				SDKROOT = iphoneos;
				SWIFT_ACTIVE_COMPILATION_CONDITIONS = DEBUG;
				SWIFT_OPTIMIZATION_LEVEL = "-Onone";
			};
			name = Debug;
		};
		88ED74F2272FFE6F0088E3EF /* Release */ = {
			isa = XCBuildConfiguration;
			buildSettings = {
				ALWAYS_SEARCH_USER_PATHS = NO;
				CLANG_ANALYZER_NONNULL = YES;
				CLANG_ANALYZER_NUMBER_OBJECT_CONVERSION = YES_AGGRESSIVE;
				CLANG_CXX_LANGUAGE_STANDARD = "gnu++14";
				CLANG_CXX_LIBRARY = "libc++";
				CLANG_ENABLE_MODULES = YES;
				CLANG_ENABLE_OBJC_ARC = YES;
				CLANG_ENABLE_OBJC_WEAK = YES;
				CLANG_WARN_BLOCK_CAPTURE_AUTORELEASING = YES;
				CLANG_WARN_BOOL_CONVERSION = YES;
				CLANG_WARN_COMMA = YES;
				CLANG_WARN_CONSTANT_CONVERSION = YES;
				CLANG_WARN_DEPRECATED_OBJC_IMPLEMENTATIONS = YES;
				CLANG_WARN_DIRECT_OBJC_ISA_USAGE = YES_ERROR;
				CLANG_WARN_DOCUMENTATION_COMMENTS = YES;
				CLANG_WARN_EMPTY_BODY = YES;
				CLANG_WARN_ENUM_CONVERSION = YES;
				CLANG_WARN_INFINITE_RECURSION = YES;
				CLANG_WARN_INT_CONVERSION = YES;
				CLANG_WARN_NON_LITERAL_NULL_CONVERSION = YES;
				CLANG_WARN_OBJC_IMPLICIT_RETAIN_SELF = YES;
				CLANG_WARN_OBJC_LITERAL_CONVERSION = YES;
				CLANG_WARN_OBJC_ROOT_CLASS = YES_ERROR;
				CLANG_WARN_QUOTED_INCLUDE_IN_FRAMEWORK_HEADER = YES;
				CLANG_WARN_RANGE_LOOP_ANALYSIS = YES;
				CLANG_WARN_STRICT_PROTOTYPES = YES;
				CLANG_WARN_SUSPICIOUS_MOVE = YES;
				CLANG_WARN_UNGUARDED_AVAILABILITY = YES_AGGRESSIVE;
				CLANG_WARN_UNREACHABLE_CODE = YES;
				CLANG_WARN__DUPLICATE_METHOD_MATCH = YES;
				COPY_PHASE_STRIP = NO;
				DEBUG_INFORMATION_FORMAT = "dwarf-with-dsym";
				ENABLE_NS_ASSERTIONS = NO;
				ENABLE_STRICT_OBJC_MSGSEND = YES;
				GCC_C_LANGUAGE_STANDARD = gnu11;
				GCC_NO_COMMON_BLOCKS = YES;
				GCC_WARN_64_TO_32_BIT_CONVERSION = YES;
				GCC_WARN_ABOUT_RETURN_TYPE = YES_ERROR;
				GCC_WARN_UNDECLARED_SELECTOR = YES;
				GCC_WARN_UNINITIALIZED_AUTOS = YES_AGGRESSIVE;
				GCC_WARN_UNUSED_FUNCTION = YES;
				GCC_WARN_UNUSED_VARIABLE = YES;
				IPHONEOS_DEPLOYMENT_TARGET = 14.5;
				MTL_ENABLE_DEBUG_INFO = NO;
				MTL_FAST_MATH = YES;
				SDKROOT = iphoneos;
				SWIFT_COMPILATION_MODE = wholemodule;
				SWIFT_OPTIMIZATION_LEVEL = "-O";
				VALIDATE_PRODUCT = YES;
			};
			name = Release;
		};
		88ED74F4272FFE6F0088E3EF /* Debug */ = {
			isa = XCBuildConfiguration;
			baseConfigurationReference = 2382BAD887CF6220267591FF /* Pods-Shwetasapplication9.debug.xcconfig */;
			buildSettings = {
				ASSETCATALOG_COMPILER_APPICON_NAME = AppIcon;
				ASSETCATALOG_COMPILER_GLOBAL_ACCENT_COLOR_NAME = AccentColor;
				CODE_SIGN_STYLE = Automatic;
				DEVELOPMENT_ASSET_PATHS = "\"Shwetasapplication9/Preview Content\"";
				DEVELOPMENT_TEAM = "";
				ENABLE_PREVIEWS = YES;
				INFOPLIST_FILE = Shwetasapplication9/Info.plist;
				IPHONEOS_DEPLOYMENT_TARGET = 14.0;
				LD_RUNPATH_SEARCH_PATHS = (
					"$(inherited)",
					"@executable_path/Frameworks",
				);
				PRODUCT_BUNDLE_IDENTIFIER = com.shwetasapplication.app;
				PRODUCT_NAME = "$(TARGET_NAME)";
				SWIFT_VERSION = 5.0;
				TARGETED_DEVICE_FAMILY = "1,2";
			};
			name = Debug;
		};
		88ED74F5272FFE6F0088E3EF /* Release */ = {
			isa = XCBuildConfiguration;
			baseConfigurationReference = 9FC27237101A96C6DCD67636 /* Pods-Shwetasapplication9.release.xcconfig */;
			buildSettings = {
				ASSETCATALOG_COMPILER_APPICON_NAME = AppIcon;
				ASSETCATALOG_COMPILER_GLOBAL_ACCENT_COLOR_NAME = AccentColor;
				CODE_SIGN_STYLE = Automatic;
				DEVELOPMENT_ASSET_PATHS = "\"Shwetasapplication9/Preview Content\"";
				DEVELOPMENT_TEAM = "";
				ENABLE_PREVIEWS = YES;
				INFOPLIST_FILE = Shwetasapplication9/Info.plist;
				IPHONEOS_DEPLOYMENT_TARGET = 14.0;
				LD_RUNPATH_SEARCH_PATHS = (
					"$(inherited)",
					"@executable_path/Frameworks",
				);
				PRODUCT_BUNDLE_IDENTIFIER = com.shwetasapplication.app;
				PRODUCT_NAME = "$(TARGET_NAME)";
				SWIFT_VERSION = 5.0;
				TARGETED_DEVICE_FAMILY = "1,2";
			};
			name = Release;
		};
/* End XCBuildConfiguration section */

/* Begin XCConfigurationList section */
		88ED74DF272FFE6E0088E3EF /* Build configuration list for PBXProject "Shwetasapplication9" */ = {
			isa = XCConfigurationList;
			buildConfigurations = (
				88ED74F1272FFE6F0088E3EF /* Debug */,
				88ED74F2272FFE6F0088E3EF /* Release */,
			);
			defaultConfigurationIsVisible = 0;
			defaultConfigurationName = Release;
		};
		88ED74F3272FFE6F0088E3EF /* Build configuration list for PBXNativeTarget "Shwetasapplication9" */ = {
			isa = XCConfigurationList;
			buildConfigurations = (
				88ED74F4272FFE6F0088E3EF /* Debug */,
				88ED74F5272FFE6F0088E3EF /* Release */,
			);
			defaultConfigurationIsVisible = 0;
			defaultConfigurationName = Release;
		};
/* End XCConfigurationList section */
	};
	rootObject = 88ED74DC272FFE6E0088E3EF /* Project object */;
}
